// !$*UTF8*$!
{
	archiveVersion = 1;
	classes = {
	};
	objectVersion = 46;
	objects = {

/* Begin PBXBuildFile section */
		CA8AA36B1DF2A34100F4B912 /* AppDelegate.swift in Sources */ = {isa = PBXBuildFile; fileRef = CA8AA36A1DF2A34100F4B912 /* AppDelegate.swift */; };
		CA8AA36D1DF2A34100F4B912 /* ViewController.swift in Sources */ = {isa = PBXBuildFile; fileRef = CA8AA36C1DF2A34100F4B912 /* ViewController.swift */; };
		CA8AA36F1DF2A34100F4B912 /* Assets.xcassets in Resources */ = {isa = PBXBuildFile; fileRef = CA8AA36E1DF2A34100F4B912 /* Assets.xcassets */; };
		CA8AA3721DF2A34100F4B912 /* Main.storyboard in Resources */ = {isa = PBXBuildFile; fileRef = CA8AA3701DF2A34100F4B912 /* Main.storyboard */; };
/* End PBXBuildFile section */

/* Begin PBXFileReference section */
		CA8AA3671DF2A34100F4B912 /* DeskApp.app */ = {isa = PBXFileReference; explicitFileType = wrapper.application; includeInIndex = 0; path = DeskApp.app; sourceTree = BUILT_PRODUCTS_DIR; };
		CA8AA36A1DF2A34100F4B912 /* AppDelegate.swift */ = {isa = PBXFileReference; lastKnownFileType = sourcecode.swift; path = AppDelegate.swift; sourceTree = "<group>"; };
		CA8AA36C1DF2A34100F4B912 /* ViewController.swift */ = {isa = PBXFileReference; lastKnownFileType = sourcecode.swift; path = ViewController.swift; sourceTree = "<group>"; };
		CA8AA36E1DF2A34100F4B912 /* Assets.xcassets */ = {isa = PBXFileReference; lastKnownFileType = folder.assetcatalog; path = Assets.xcassets; sourceTree = "<group>"; };
		CA8AA3711DF2A34100F4B912 /* Base */ = {isa = PBXFileReference; lastKnownFileType = file.storyboard; name = Base; path = Base.lproj/Main.storyboard; sourceTree = "<group>"; };
		CA8AA3731DF2A34100F4B912 /* Info.plist */ = {isa = PBXFileReference; lastKnownFileType = text.plist.xml; path = Info.plist; sourceTree = "<group>"; };
/* End PBXFileReference section */

/* Begin PBXFrameworksBuildPhase section */
		CA8AA3641DF2A34100F4B912 /* Frameworks */ = {
			isa = PBXFrameworksBuildPhase;
			buildActionMask = 2147483647;
			files = (
			);
			runOnlyForDeploymentPostprocessing = 0;
		};
/* End PBXFrameworksBuildPhase section */

/* Begin PBXGroup section */
		CA8AA35E1DF2A34100F4B912 = {
			isa = PBXGroup;
			children = (
				CA8AA3691DF2A34100F4B912 /* DeskApp */,
				CA8AA3681DF2A34100F4B912 /* Products */,
			);
			sourceTree = "<group>";
		};
		CA8AA3681DF2A34100F4B912 /* Products */ = {
			isa = PBXGroup;
			children = (
				CA8AA3671DF2A34100F4B912 /* DeskApp.app */,
			);
			name = Products;
			sourceTree = "<group>";
		};
		CA8AA3691DF2A34100F4B912 /* DeskApp */ = {
			isa = PBXGroup;
			children = (
				CA8AA36A1DF2A34100F4B912 /* AppDelegate.swift */,
				CA8AA36C1DF2A34100F4B912 /* ViewController.swift */,
				CA8AA36E1DF2A34100F4B912 /* Assets.xcassets */,
				CA8AA3701DF2A34100F4B912 /* Main.storyboard */,
				CA8AA3731DF2A34100F4B912 /* Info.plist */,
			);
			path = DeskApp;
			sourceTree = "<group>";
		};
/* End PBXGroup section */

/* Begin PBXNativeTarget section */
		CA8AA3661DF2A34100F4B912 /* DeskApp */ = {
			isa = PBXNativeTarget;
			buildConfigurationList = CA8AA3761DF2A34100F4B912 /* Build configuration list for PBXNativeTarget "DeskApp" */;
			buildPhases = (
				CA8AA3631DF2A34100F4B912 /* Sources */,
				CA8AA3641DF2A34100F4B912 /* Frameworks */,
				CA8AA3651DF2A34100F4B912 /* Resources */,
			);
			buildRules = (
			);
			dependencies = (
			);
			name = DeskApp;
			productName = DeskApp;
			productReference = CA8AA3671DF2A34100F4B912 /* DeskApp.app */;
			productType = "com.apple.product-type.application";
		};
/* End PBXNativeTarget section */

/* Begin PBXProject section */
		CA8AA35F1DF2A34100F4B912 /* Project object */ = {
			isa = PBXProject;
			attributes = {
				LastSwiftUpdateCheck = 0810;
				LastUpgradeCheck = 0810;
				ORGANIZATIONNAME = herry;
				TargetAttributes = {
					CA8AA3661DF2A34100F4B912 = {
						CreatedOnToolsVersion = 8.1;
						ProvisioningStyle = Automatic;
					};
				};
			};
			buildConfigurationList = CA8AA3621DF2A34100F4B912 /* Build configuration list for PBXProject "DeskApp" */;
			compatibilityVersion = "Xcode 3.2";
			developmentRegion = English;
			hasScannedForEncodings = 0;
			knownRegions = (
				en,
				Base,
			);
			mainGroup = CA8AA35E1DF2A34100F4B912;
			productRefGroup = CA8AA3681DF2A34100F4B912 /* Products */;
			projectDirPath = "";
			projectRoot = "";
			targets = (
				CA8AA3661DF2A34100F4B912 /* DeskApp */,
			);
		};
/* End PBXProject section */

/* Begin PBXResourcesBuildPhase section */
		CA8AA3651DF2A34100F4B912 /* Resources */ = {
			isa = PBXResourcesBuildPhase;
			buildActionMask = 2147483647;
			files = (
				CA8AA36F1DF2A34100F4B912 /* Assets.xcassets in Resources */,
				CA8AA3721DF2A34100F4B912 /* Main.storyboard in Resources */,
			);
			runOnlyForDeploymentPostprocessing = 0;
		};
/* End PBXResourcesBuildPhase section */

/* Begin PBXSourcesBuildPhase section */
		CA8AA3631DF2A34100F4B912 /* Sources */ = {
			isa = PBXSourcesBuildPhase;
			buildActionMask = 2147483647;
			files = (
				CA8AA36D1DF2A34100F4B912 /* ViewController.swift in Sources */,
				CA8AA36B1DF2A34100F4B912 /* AppDelegate.swift in Sources */,
			);
			runOnlyForDeploymentPostprocessing = 0;
		};
/* End PBXSourcesBuildPhase section */

/* Begin PBXVariantGroup section */
		CA8AA3701DF2A34100F4B912 /* Main.storyboard */ = {
			isa = PBXVariantGroup;
			children = (
				CA8AA3711DF2A34100F4B912 /* Base */,
			);
			name = Main.storyboard;
			sourceTree = "<group>";
		};
/* End PBXVariantGroup section */

/* Begin XCBuildConfiguration section */
		CA8AA3741DF2A34100F4B912 /* Debug */ = {
			isa = XCBuildConfiguration;
			buildSettings = {
				ALWAYS_SEARCH_USER_PATHS = NO;
				CLANG_ANALYZER_NONNULL = YES;
				CLANG_CXX_LANGUAGE_STANDARD = "gnu++0x";
				CLANG_CXX_LIBRARY = "libc++";
				CLANG_ENABLE_MODULES = YES;
				CLANG_ENABLE_OBJC_ARC = YES;
				CLANG_WARN_BOOL_CONVERSION = YES;
				CLANG_WARN_CONSTANT_CONVERSION = YES;
				CLANG_WARN_DIRECT_OBJC_ISA_USAGE = YES_ERROR;
				CLANG_WARN_DOCUMENTATION_COMMENTS = YES;
				CLANG_WARN_EMPTY_BODY = YES;
				CLANG_WARN_ENUM_CONVERSION = YES;
				CLANG_WARN_INFINITE_RECURSION = YES;
				CLANG_WARN_INT_CONVERSION = YES;
				CLANG_WARN_OBJC_ROOT_CLASS = YES_ERROR;
				CLANG_WARN_SUSPICIOUS_MOVES = YES;
				CLANG_WARN_UNREACHABLE_CODE = YES;
				CLANG_WARN__DUPLICATE_METHOD_MATCH = YES;
				CODE_SIGN_IDENTITY = "-";
				COPY_PHASE_STRIP = NO;
				DEBUG_INFORMATION_FORMAT = dwarf;
				ENABLE_STRICT_OBJC_MSGSEND = YES;
				ENABLE_TESTABILITY = YES;
				GCC_C_LANGUAGE_STANDARD = gnu99;
				GCC_DYNAMIC_NO_PIC = NO;
				GCC_NO_COMMON_BLOCKS = YES;
				GCC_OPTIMIZATION_LEVEL = 0;
				GCC_PREPROCESSOR_DEFINITIONS = (
					"DEBUG=1",
					"$(inherited)",
				);
				GCC_WARN_64_TO_32_BIT_CONVERSION = YES;
				GCC_WARN_ABOUT_RETURN_TYPE = YES_ERROR;
				GCC_WARN_UNDECLARED_SELECTOR = YES;
				GCC_WARN_UNINITIALIZED_AUTOS = YES_AGGRESSIVE;
				GCC_WARN_UNUSED_FUNCTION = YES;
				GCC_WARN_UNUSED_VARIABLE = YES;
				MACOSX_DEPLOYMENT_TARGET = 10.12;
				MTL_ENABLE_DEBUG_INFO = YES;
				ONLY_ACTIVE_ARCH = YES;
				SDKROOT = macosx;
				SWIFT_ACTIVE_COMPILATION_CONDITIONS = DEBUG;
				SWIFT_OPTIMIZATION_LEVEL = "-Onone";
			};
			name = Debug;
		};
		CA8AA3751DF2A34100F4B912 /* Release */ = {
			isa = XCBuildConfiguration;
			buildSettings = {
				ALWAYS_SEARCH_USER_PATHS = NO;
				CLANG_ANALYZER_NONNULL = YES;
				CLANG_CXX_LANGUAGE_STANDARD = "gnu++0x";
				CLANG_CXX_LIBRARY = "libc++";
				CLANG_ENABLE_MODULES = YES;
				CLANG_ENABLE_OBJC_ARC = YES;
				CLANG_WARN_BOOL_CONVERSION = YES;
				CLANG_WARN_CONSTANT_CONVERSION = YES;
				CLANG_WARN_DIRECT_OBJC_ISA_USAGE = YES_ERROR;
				CLANG_WARN_DOCUMENTATION_COMMENTS = YES;
				CLANG_WARN_EMPTY_BODY = YES;
				CLANG_WARN_ENUM_CONVERSION = YES;
				CLANG_WARN_INFINITE_RECURSION = YES;
				CLANG_WARN_INT_CONVERSION = YES;
				CLANG_WARN_OBJC_ROOT_CLASS = YES_ERROR;
				CLANG_WARN_SUSPICIOUS_MOVES = YES;
				CLANG_WARN_UNREACHABLE_CODE = YES;
				CLANG_WARN__DUPLICATE_METHOD_MATCH = YES;
				CODE_SIGN_IDENTITY = "-";
				COPY_PHASE_STRIP = NO;
				DEBUG_INFORMATION_FORMAT = "dwarf-with-dsym";
				ENABLE_NS_ASSERTIONS = NO;
				ENABLE_STRICT_OBJC_MSGSEND = YES;
				GCC_C_LANGUAGE_STANDARD = gnu99;
				GCC_NO_COMMON_BLOCKS = YES;
				GCC_WARN_64_TO_32_BIT_CONVERSION = YES;
				GCC_WARN_ABOUT_RETURN_TYPE = YES_ERROR;
				GCC_WARN_UNDECLARED_SELECTOR = YES;
				GCC_WARN_UNINITIALIZED_AUTOS = YES_AGGRESSIVE;
				GCC_WARN_UNUSED_FUNCTION = YES;
				GCC_WARN_UNUSED_VARIABLE = YES;
				MACOSX_DEPLOYMENT_TARGET = 10.12;
				MTL_ENABLE_DEBUG_INFO = NO;
				SDKROOT = macosx;
				SWIFT_OPTIMIZATION_LEVEL = "-Owholemodule";
			};
			name = Release;
		};
		CA8AA3771DF2A34100F4B912 /* Debug */ = {
			isa = XCBuildConfiguration;
			buildSettings = {
				ASSETCATALOG_COMPILER_APPICON_NAME = AppIcon;
				COMBINE_HIDPI_IMAGES = YES;
				INFOPLIST_FILE = DeskApp/Info.plist;
				LD_RUNPATH_SEARCH_PATHS = "$(inherited) @executable_path/../Frameworks";
				PRODUCT_BUNDLE_IDENTIFIER = oriental.DeskApp;
				PRODUCT_NAME = "$(TARGET_NAME)";
				SWIFT_VERSION = 3.0;
			};
			name = Debug;
		};
		CA8AA3781DF2A34100F4B912 /* Release */ = {
			isa = XCBuildConfiguration;
			buildSettings = {
				ASSETCATALOG_COMPILER_APPICON_NAME = AppIcon;
				COMBINE_HIDPI_IMAGES = YES;
				INFOPLIST_FILE = DeskApp/Info.plist;
				LD_RUNPATH_SEARCH_PATHS = "$(inherited) @executable_path/../Frameworks";
				PRODUCT_BUNDLE_IDENTIFIER = oriental.DeskApp;
				PRODUCT_NAME = "$(TARGET_NAME)";
				SWIFT_VERSION = 3.0;
			};
			name = Release;
		};
/* End XCBuildConfiguration section */

/* Begin XCConfigurationList section */
		CA8AA3621DF2A34100F4B912 /* Build configuration list for PBXProject "DeskApp" */ = {
			isa = XCConfigurationList;
			buildConfigurations = (
				CA8AA3741DF2A34100F4B912 /* Debug */,
				CA8AA3751DF2A34100F4B912 /* Release */,
			);
			defaultConfigurationIsVisible = 0;
			defaultConfigurationName = Release;
		};
		CA8AA3761DF2A34100F4B912 /* Build configuration list for PBXNativeTarget "DeskApp" */ = {
			isa = XCConfigurationList;
			buildConfigurations = (
				CA8AA3771DF2A34100F4B912 /* Debug */,
				CA8AA3781DF2A34100F4B912 /* Release */,
			);
			defaultConfigurationIsVisible = 0;
		};
/* End XCConfigurationList section */
	};
	rootObject = CA8AA35F1DF2A34100F4B912 /* Project object */;
}
